
Microsoft Visual Studio Solution File, Format Version 12.00
# Visual Studio Version 16
VisualStudioVersion = 16.0.29905.134
MinimumVisualStudioVersion = 10.0.40219.1
Project("{9A19103F-16F7-4668-BE54-9A1E7A4F7556}") = "CinemaTest", "CinemaTest\CinemaTest.csproj", "{73689B0D-FA5A-4BF9-9F9B-4D907E4730E5}"
EndProject
Project("{E53339B2-1760-4266-BCC7-CA923CBCF16C}") = "docker-compose", "docker-compose.dcproj", "{DE1CFA84-D9E0-456E-BF78-F1F774D660E7}"
EndProject
Global
	GlobalSection(SolutionConfigurationPlatforms) = preSolution
		Debug|Any CPU = Debug|Any CPU
		Release|Any CPU = Release|Any CPU
	EndGlobalSection
	GlobalSection(ProjectConfigurationPlatforms) = postSolution
		{73689B0D-FA5A-4BF9-9F9B-4D907E4730E5}.Debug|Any CPU.ActiveCfg = Debug|Any CPU
		{73689B0D-FA5A-4BF9-9F9B-4D907E4730E5}.Debug|Any CPU.Build.0 = Debug|Any CPU
		{73689B0D-FA5A-4BF9-9F9B-4D907E4730E5}.Release|Any CPU.ActiveCfg = Release|Any CPU
		{73689B0D-FA5A-4BF9-9F9B-4D907E4730E5}.Release|Any CPU.Build.0 = Release|Any CPU
		{DE1CFA84-D9E0-456E-BF78-F1F774D660E7}.Debug|Any CPU.ActiveCfg = Debug|Any CPU
		{DE1CFA84-D9E0-456E-BF78-F1F774D660E7}.Debug|Any CPU.Build.0 = Debug|Any CPU
		{DE1CFA84-D9E0-456E-BF78-F1F774D660E7}.Release|Any CPU.ActiveCfg = Release|Any CPU
		{DE1CFA84-D9E0-456E-BF78-F1F774D660E7}.Release|Any CPU.Build.0 = Release|Any CPU
	EndGlobalSection
	GlobalSection(SolutionProperties) = preSolution
		HideSolutionNode = FALSE
	EndGlobalSection
	GlobalSection(ExtensibilityGlobals) = postSolution
		SolutionGuid = {470F8303-A7B8-4322-9D5E-3D7B26AB7C9E}
	EndGlobalSection
EndGlobal
